
Microsoft Visual Studio Solution File, Format Version 12.00
# Visual Studio Version 17
VisualStudioVersion = 17.11.35222.181
MinimumVisualStudioVersion = 10.0.40219.1
Project("{FAE04EC0-301F-11D3-BF4B-00C04F79EFBC}") = "exercice_2.1.3", "exercice_2.1.3\exercice_2.1.3.csproj", "{CEA23934-2043-4F1A-8560-01913CF01842}"
EndProject
Global
	GlobalSection(SolutionConfigurationPlatforms) = preSolution
		Debug|Any CPU = Debug|Any CPU
		Release|Any CPU = Release|Any CPU
	EndGlobalSection
	GlobalSection(ProjectConfigurationPlatforms) = postSolution
		{CEA23934-2043-4F1A-8560-01913CF01842}.Debug|Any CPU.ActiveCfg = Debug|Any CPU
		{CEA23934-2043-4F1A-8560-01913CF01842}.Debug|Any CPU.Build.0 = Debug|Any CPU
		{CEA23934-2043-4F1A-8560-01913CF01842}.Release|Any CPU.ActiveCfg = Release|Any CPU
		{CEA23934-2043-4F1A-8560-01913CF01842}.Release|Any CPU.Build.0 = Release|Any CPU
	EndGlobalSection
	GlobalSection(SolutionProperties) = preSolution
		HideSolutionNode = FALSE
	EndGlobalSection
	GlobalSection(ExtensibilityGlobals) = postSolution
		SolutionGuid = {19C8A0E7-067B-47BB-A522-272C1EB814A4}
	EndGlobalSection
EndGlobal
