
Microsoft Visual Studio Solution File, Format Version 12.00
# Visual Studio Version 17
VisualStudioVersion = 17.11.35222.181
MinimumVisualStudioVersion = 10.0.40219.1
Project("{FAE04EC0-301F-11D3-BF4B-00C04F79EFBC}") = "LePoint", "LePoint.csproj", "{661A73ED-35C9-416C-8EC8-2E66462F86C1}"
EndProject
Global
	GlobalSection(SolutionConfigurationPlatforms) = preSolution
		Debug|Any CPU = Debug|Any CPU
		Release|Any CPU = Release|Any CPU
	EndGlobalSection
	GlobalSection(ProjectConfigurationPlatforms) = postSolution
		{661A73ED-35C9-416C-8EC8-2E66462F86C1}.Debug|Any CPU.ActiveCfg = Debug|Any CPU
		{661A73ED-35C9-416C-8EC8-2E66462F86C1}.Debug|Any CPU.Build.0 = Debug|Any CPU
		{661A73ED-35C9-416C-8EC8-2E66462F86C1}.Release|Any CPU.ActiveCfg = Release|Any CPU
		{661A73ED-35C9-416C-8EC8-2E66462F86C1}.Release|Any CPU.Build.0 = Release|Any CPU
	EndGlobalSection
	GlobalSection(SolutionProperties) = preSolution
		HideSolutionNode = FALSE
	EndGlobalSection
	GlobalSection(ExtensibilityGlobals) = postSolution
		SolutionGuid = {138A66FF-F98B-46E4-AC21-56ECCA885033}
	EndGlobalSection
EndGlobal
