
Microsoft Visual Studio Solution File, Format Version 12.00
# Visual Studio Version 17
VisualStudioVersion = 17.11.35222.181
MinimumVisualStudioVersion = 10.0.40219.1
Project("{FAE04EC0-301F-11D3-BF4B-00C04F79EFBC}") = "CompteBancaire", "CompteBancaire.csproj", "{B42D838C-8469-4099-99AB-00472DFEB5B1}"
EndProject
Global
	GlobalSection(SolutionConfigurationPlatforms) = preSolution
		Debug|Any CPU = Debug|Any CPU
		Release|Any CPU = Release|Any CPU
	EndGlobalSection
	GlobalSection(ProjectConfigurationPlatforms) = postSolution
		{B42D838C-8469-4099-99AB-00472DFEB5B1}.Debug|Any CPU.ActiveCfg = Debug|Any CPU
		{B42D838C-8469-4099-99AB-00472DFEB5B1}.Debug|Any CPU.Build.0 = Debug|Any CPU
		{B42D838C-8469-4099-99AB-00472DFEB5B1}.Release|Any CPU.ActiveCfg = Release|Any CPU
		{B42D838C-8469-4099-99AB-00472DFEB5B1}.Release|Any CPU.Build.0 = Release|Any CPU
	EndGlobalSection
	GlobalSection(SolutionProperties) = preSolution
		HideSolutionNode = FALSE
	EndGlobalSection
	GlobalSection(ExtensibilityGlobals) = postSolution
		SolutionGuid = {66494C18-0EF6-414A-A507-3C69780B9266}
	EndGlobalSection
EndGlobal
