
Microsoft Visual Studio Solution File, Format Version 12.00
# Visual Studio Version 17
VisualStudioVersion = 17.11.35222.181
MinimumVisualStudioVersion = 10.0.40219.1
Project("{FAE04EC0-301F-11D3-BF4B-00C04F79EFBC}") = "exercice_3.2", "exercice_3.2\exercice_3.2.csproj", "{5E475B06-DB80-428A-96F5-F93684C34C45}"
EndProject
Global
	GlobalSection(SolutionConfigurationPlatforms) = preSolution
		Debug|Any CPU = Debug|Any CPU
		Release|Any CPU = Release|Any CPU
	EndGlobalSection
	GlobalSection(ProjectConfigurationPlatforms) = postSolution
		{5E475B06-DB80-428A-96F5-F93684C34C45}.Debug|Any CPU.ActiveCfg = Debug|Any CPU
		{5E475B06-DB80-428A-96F5-F93684C34C45}.Debug|Any CPU.Build.0 = Debug|Any CPU
		{5E475B06-DB80-428A-96F5-F93684C34C45}.Release|Any CPU.ActiveCfg = Release|Any CPU
		{5E475B06-DB80-428A-96F5-F93684C34C45}.Release|Any CPU.Build.0 = Release|Any CPU
	EndGlobalSection
	GlobalSection(SolutionProperties) = preSolution
		HideSolutionNode = FALSE
	EndGlobalSection
	GlobalSection(ExtensibilityGlobals) = postSolution
		SolutionGuid = {B214142D-51C5-40E1-A2B6-401BDA1CD3E0}
	EndGlobalSection
EndGlobal
