
Microsoft Visual Studio Solution File, Format Version 12.00
# Visual Studio Version 17
VisualStudioVersion = 17.11.35222.181
MinimumVisualStudioVersion = 10.0.40219.1
Project("{FAE04EC0-301F-11D3-BF4B-00C04F79EFBC}") = "jeu_du_pendu", "jeu_du_pendu\jeu_du_pendu.csproj", "{6030975F-5052-4DA4-B0A4-F2CD6F602825}"
EndProject
Global
	GlobalSection(SolutionConfigurationPlatforms) = preSolution
		Debug|Any CPU = Debug|Any CPU
		Release|Any CPU = Release|Any CPU
	EndGlobalSection
	GlobalSection(ProjectConfigurationPlatforms) = postSolution
		{6030975F-5052-4DA4-B0A4-F2CD6F602825}.Debug|Any CPU.ActiveCfg = Debug|Any CPU
		{6030975F-5052-4DA4-B0A4-F2CD6F602825}.Debug|Any CPU.Build.0 = Debug|Any CPU
		{6030975F-5052-4DA4-B0A4-F2CD6F602825}.Release|Any CPU.ActiveCfg = Release|Any CPU
		{6030975F-5052-4DA4-B0A4-F2CD6F602825}.Release|Any CPU.Build.0 = Release|Any CPU
	EndGlobalSection
	GlobalSection(SolutionProperties) = preSolution
		HideSolutionNode = FALSE
	EndGlobalSection
	GlobalSection(ExtensibilityGlobals) = postSolution
		SolutionGuid = {899A7751-D348-4401-8F4C-6281ABC9E171}
	EndGlobalSection
EndGlobal
