
Microsoft Visual Studio Solution File, Format Version 12.00
# Visual Studio Version 17
VisualStudioVersion = 17.11.35222.181
MinimumVisualStudioVersion = 10.0.40219.1
Project("{FAE04EC0-301F-11D3-BF4B-00C04F79EFBC}") = "exercice_2.4", "exercice_2.4\exercice_2.4.csproj", "{27AA30B2-0C2C-41F2-9FA4-3897885F7441}"
EndProject
Global
	GlobalSection(SolutionConfigurationPlatforms) = preSolution
		Debug|Any CPU = Debug|Any CPU
		Release|Any CPU = Release|Any CPU
	EndGlobalSection
	GlobalSection(ProjectConfigurationPlatforms) = postSolution
		{27AA30B2-0C2C-41F2-9FA4-3897885F7441}.Debug|Any CPU.ActiveCfg = Debug|Any CPU
		{27AA30B2-0C2C-41F2-9FA4-3897885F7441}.Debug|Any CPU.Build.0 = Debug|Any CPU
		{27AA30B2-0C2C-41F2-9FA4-3897885F7441}.Release|Any CPU.ActiveCfg = Release|Any CPU
		{27AA30B2-0C2C-41F2-9FA4-3897885F7441}.Release|Any CPU.Build.0 = Release|Any CPU
	EndGlobalSection
	GlobalSection(SolutionProperties) = preSolution
		HideSolutionNode = FALSE
	EndGlobalSection
	GlobalSection(ExtensibilityGlobals) = postSolution
		SolutionGuid = {DB31EC03-FBD3-4AD0-B676-98BF88D66D89}
	EndGlobalSection
EndGlobal
