
Microsoft Visual Studio Solution File, Format Version 12.00
# Visual Studio Version 17
VisualStudioVersion = 17.11.35222.181
MinimumVisualStudioVersion = 10.0.40219.1
Project("{FAE04EC0-301F-11D3-BF4B-00C04F79EFBC}") = "exercice_2.1.1", "exercice_2.1.1\exercice_2.1.1.csproj", "{3F3C6E94-FC9C-410B-8971-DF5DABC7CCCA}"
EndProject
Global
	GlobalSection(SolutionConfigurationPlatforms) = preSolution
		Debug|Any CPU = Debug|Any CPU
		Release|Any CPU = Release|Any CPU
	EndGlobalSection
	GlobalSection(ProjectConfigurationPlatforms) = postSolution
		{3F3C6E94-FC9C-410B-8971-DF5DABC7CCCA}.Debug|Any CPU.ActiveCfg = Debug|Any CPU
		{3F3C6E94-FC9C-410B-8971-DF5DABC7CCCA}.Debug|Any CPU.Build.0 = Debug|Any CPU
		{3F3C6E94-FC9C-410B-8971-DF5DABC7CCCA}.Release|Any CPU.ActiveCfg = Release|Any CPU
		{3F3C6E94-FC9C-410B-8971-DF5DABC7CCCA}.Release|Any CPU.Build.0 = Release|Any CPU
	EndGlobalSection
	GlobalSection(SolutionProperties) = preSolution
		HideSolutionNode = FALSE
	EndGlobalSection
	GlobalSection(ExtensibilityGlobals) = postSolution
		SolutionGuid = {B33CED7E-00C7-44F1-93DF-94190AB2BEB8}
	EndGlobalSection
EndGlobal
