
Microsoft Visual Studio Solution File, Format Version 12.00
# Visual Studio Version 17
VisualStudioVersion = 17.11.35222.181
MinimumVisualStudioVersion = 10.0.40219.1
Project("{FAE04EC0-301F-11D3-BF4B-00C04F79EFBC}") = "exercice_1.10", "exercice_1.10\exercice_1.10.csproj", "{D17465F2-82C8-49D7-863A-673485244434}"
EndProject
Global
	GlobalSection(SolutionConfigurationPlatforms) = preSolution
		Debug|Any CPU = Debug|Any CPU
		Release|Any CPU = Release|Any CPU
	EndGlobalSection
	GlobalSection(ProjectConfigurationPlatforms) = postSolution
		{D17465F2-82C8-49D7-863A-673485244434}.Debug|Any CPU.ActiveCfg = Debug|Any CPU
		{D17465F2-82C8-49D7-863A-673485244434}.Debug|Any CPU.Build.0 = Debug|Any CPU
		{D17465F2-82C8-49D7-863A-673485244434}.Release|Any CPU.ActiveCfg = Release|Any CPU
		{D17465F2-82C8-49D7-863A-673485244434}.Release|Any CPU.Build.0 = Release|Any CPU
	EndGlobalSection
	GlobalSection(SolutionProperties) = preSolution
		HideSolutionNode = FALSE
	EndGlobalSection
	GlobalSection(ExtensibilityGlobals) = postSolution
		SolutionGuid = {AEECB6D8-DACA-47A0-B569-E18E20DEED5C}
	EndGlobalSection
EndGlobal
