
Microsoft Visual Studio Solution File, Format Version 12.00
# Visual Studio Version 17
VisualStudioVersion = 17.11.35222.181
MinimumVisualStudioVersion = 10.0.40219.1
Project("{FAE04EC0-301F-11D3-BF4B-00C04F79EFBC}") = "denombrementLettre", "denombrementLettre\denombrementLettre.csproj", "{98437A52-B938-49D5-BEE3-214842D1D667}"
EndProject
Global
	GlobalSection(SolutionConfigurationPlatforms) = preSolution
		Debug|Any CPU = Debug|Any CPU
		Release|Any CPU = Release|Any CPU
	EndGlobalSection
	GlobalSection(ProjectConfigurationPlatforms) = postSolution
		{98437A52-B938-49D5-BEE3-214842D1D667}.Debug|Any CPU.ActiveCfg = Debug|Any CPU
		{98437A52-B938-49D5-BEE3-214842D1D667}.Debug|Any CPU.Build.0 = Debug|Any CPU
		{98437A52-B938-49D5-BEE3-214842D1D667}.Release|Any CPU.ActiveCfg = Release|Any CPU
		{98437A52-B938-49D5-BEE3-214842D1D667}.Release|Any CPU.Build.0 = Release|Any CPU
	EndGlobalSection
	GlobalSection(SolutionProperties) = preSolution
		HideSolutionNode = FALSE
	EndGlobalSection
	GlobalSection(ExtensibilityGlobals) = postSolution
		SolutionGuid = {AFF0B840-3298-44C9-B2DE-AE8EB114BEE0}
	EndGlobalSection
EndGlobal
