
Microsoft Visual Studio Solution File, Format Version 12.00
# Visual Studio Version 17
VisualStudioVersion = 17.11.35222.181
MinimumVisualStudioVersion = 10.0.40219.1
Project("{FAE04EC0-301F-11D3-BF4B-00C04F79EFBC}") = "compteur_de_voyelles", "compteur_de_voyelles\compteur_de_voyelles.csproj", "{D13F658B-B042-4F51-9245-F7BB121E3EED}"
EndProject
Global
	GlobalSection(SolutionConfigurationPlatforms) = preSolution
		Debug|Any CPU = Debug|Any CPU
		Release|Any CPU = Release|Any CPU
	EndGlobalSection
	GlobalSection(ProjectConfigurationPlatforms) = postSolution
		{D13F658B-B042-4F51-9245-F7BB121E3EED}.Debug|Any CPU.ActiveCfg = Debug|Any CPU
		{D13F658B-B042-4F51-9245-F7BB121E3EED}.Debug|Any CPU.Build.0 = Debug|Any CPU
		{D13F658B-B042-4F51-9245-F7BB121E3EED}.Release|Any CPU.ActiveCfg = Release|Any CPU
		{D13F658B-B042-4F51-9245-F7BB121E3EED}.Release|Any CPU.Build.0 = Release|Any CPU
	EndGlobalSection
	GlobalSection(SolutionProperties) = preSolution
		HideSolutionNode = FALSE
	EndGlobalSection
	GlobalSection(ExtensibilityGlobals) = postSolution
		SolutionGuid = {2D3540BA-9C35-4675-9B35-43283A6CC142}
	EndGlobalSection
EndGlobal
