
Microsoft Visual Studio Solution File, Format Version 12.00
# Visual Studio Version 17
VisualStudioVersion = 17.11.35222.181
MinimumVisualStudioVersion = 10.0.40219.1
Project("{FAE04EC0-301F-11D3-BF4B-00C04F79EFBC}") = "exercice_2.7.2", "exercice_2.7.2\exercice_2.7.2.csproj", "{31F6984C-7B71-43B1-BD98-D0899E8F987A}"
EndProject
Global
	GlobalSection(SolutionConfigurationPlatforms) = preSolution
		Debug|Any CPU = Debug|Any CPU
		Release|Any CPU = Release|Any CPU
	EndGlobalSection
	GlobalSection(ProjectConfigurationPlatforms) = postSolution
		{31F6984C-7B71-43B1-BD98-D0899E8F987A}.Debug|Any CPU.ActiveCfg = Debug|Any CPU
		{31F6984C-7B71-43B1-BD98-D0899E8F987A}.Debug|Any CPU.Build.0 = Debug|Any CPU
		{31F6984C-7B71-43B1-BD98-D0899E8F987A}.Release|Any CPU.ActiveCfg = Release|Any CPU
		{31F6984C-7B71-43B1-BD98-D0899E8F987A}.Release|Any CPU.Build.0 = Release|Any CPU
	EndGlobalSection
	GlobalSection(SolutionProperties) = preSolution
		HideSolutionNode = FALSE
	EndGlobalSection
	GlobalSection(ExtensibilityGlobals) = postSolution
		SolutionGuid = {59EB8FD1-1599-4CE2-A631-69A85DC8FBB4}
	EndGlobalSection
EndGlobal
